
Microsoft Visual Studio Solution File, Format Version 12.00
# Visual Studio Version 17
VisualStudioVersion = 17.8.34316.72
MinimumVisualStudioVersion = 10.0.40219.1
Project("{9A19103F-16F7-4668-BE54-9A1E7A4F7556}") = "TheCarApp", "TheCarApp\TheCarApp.csproj", "{A8C0C875-BD71-446B-B455-76BD82F76C46}"
EndProject
Project("{9A19103F-16F7-4668-BE54-9A1E7A4F7556}") = "Entity Layer", "EntityLayout\Entity Layer.csproj", "{EECEAB05-D845-4756-9891-AABCA0F731E1}"
EndProject
Project("{9A19103F-16F7-4668-BE54-9A1E7A4F7556}") = "DatabaseAccess", "Database\DatabaseAccess.csproj", "{43FE92A0-17FF-4E45-93AB-E7F56DA6B32E}"
EndProject
Project("{2150E333-8FDC-42A3-9474-1A3956D46DE8}") = "DataAccessLayer", "DataAccessLayer", "{B8CAF327-0A34-4D51-90A0-F5393BC03D6E}"
EndProject
Project("{2150E333-8FDC-42A3-9474-1A3956D46DE8}") = "LogicLayer", "LogicLayer", "{C576A72B-6C3E-45E7-B4E1-8A7C93CF829D}"
EndProject
Project("{2150E333-8FDC-42A3-9474-1A3956D46DE8}") = "PresentationLayer", "PresentationLayer", "{2F68E82F-9D6C-4783-B3B9-8E809BD7A093}"
EndProject
Project("{9A19103F-16F7-4668-BE54-9A1E7A4F7556}") = "ManagerLayer", "ManagerLayer\ManagerLayer.csproj", "{ED212F36-4E25-411A-8368-7B7F66FDCC1E}"
EndProject
Project("{9A19103F-16F7-4668-BE54-9A1E7A4F7556}") = "DTO", "DTO\DTO.csproj", "{BB89372B-A91C-456A-ACBF-76ACDA757B60}"
EndProject
Project("{9A19103F-16F7-4668-BE54-9A1E7A4F7556}") = "WinDesktopApp", "WinDesktopApp\WinDesktopApp.csproj", "{87F14BD4-AD05-44B1-BD57-E907911546A5}"
EndProject
Project("{9A19103F-16F7-4668-BE54-9A1E7A4F7556}") = "InterfaceLayer", "InterfaceLayer\InterfaceLayer.csproj", "{39B97FC7-3D72-4C35-A82F-AFB0F3CD80D0}"
EndProject
Project("{FAE04EC0-301F-11D3-BF4B-00C04F79EFBC}") = "UnitTests", "UnitTests\UnitTests.csproj", "{1F980CA9-ED4D-458A-9AC2-A76F97DA77D5}"
EndProject
Global
	GlobalSection(SolutionConfigurationPlatforms) = preSolution
		Debug|Any CPU = Debug|Any CPU
		Release|Any CPU = Release|Any CPU
	EndGlobalSection
	GlobalSection(ProjectConfigurationPlatforms) = postSolution
		{A8C0C875-BD71-446B-B455-76BD82F76C46}.Debug|Any CPU.ActiveCfg = Debug|Any CPU
		{A8C0C875-BD71-446B-B455-76BD82F76C46}.Debug|Any CPU.Build.0 = Debug|Any CPU
		{A8C0C875-BD71-446B-B455-76BD82F76C46}.Release|Any CPU.ActiveCfg = Release|Any CPU
		{A8C0C875-BD71-446B-B455-76BD82F76C46}.Release|Any CPU.Build.0 = Release|Any CPU
		{EECEAB05-D845-4756-9891-AABCA0F731E1}.Debug|Any CPU.ActiveCfg = Debug|Any CPU
		{EECEAB05-D845-4756-9891-AABCA0F731E1}.Debug|Any CPU.Build.0 = Debug|Any CPU
		{EECEAB05-D845-4756-9891-AABCA0F731E1}.Release|Any CPU.ActiveCfg = Release|Any CPU
		{EECEAB05-D845-4756-9891-AABCA0F731E1}.Release|Any CPU.Build.0 = Release|Any CPU
		{43FE92A0-17FF-4E45-93AB-E7F56DA6B32E}.Debug|Any CPU.ActiveCfg = Debug|Any CPU
		{43FE92A0-17FF-4E45-93AB-E7F56DA6B32E}.Debug|Any CPU.Build.0 = Debug|Any CPU
		{43FE92A0-17FF-4E45-93AB-E7F56DA6B32E}.Release|Any CPU.ActiveCfg = Release|Any CPU
		{43FE92A0-17FF-4E45-93AB-E7F56DA6B32E}.Release|Any CPU.Build.0 = Release|Any CPU
		{ED212F36-4E25-411A-8368-7B7F66FDCC1E}.Debug|Any CPU.ActiveCfg = Debug|Any CPU
		{ED212F36-4E25-411A-8368-7B7F66FDCC1E}.Debug|Any CPU.Build.0 = Debug|Any CPU
		{ED212F36-4E25-411A-8368-7B7F66FDCC1E}.Release|Any CPU.ActiveCfg = Release|Any CPU
		{ED212F36-4E25-411A-8368-7B7F66FDCC1E}.Release|Any CPU.Build.0 = Release|Any CPU
		{BB89372B-A91C-456A-ACBF-76ACDA757B60}.Debug|Any CPU.ActiveCfg = Debug|Any CPU
		{BB89372B-A91C-456A-ACBF-76ACDA757B60}.Debug|Any CPU.Build.0 = Debug|Any CPU
		{BB89372B-A91C-456A-ACBF-76ACDA757B60}.Release|Any CPU.ActiveCfg = Release|Any CPU
		{BB89372B-A91C-456A-ACBF-76ACDA757B60}.Release|Any CPU.Build.0 = Release|Any CPU
		{87F14BD4-AD05-44B1-BD57-E907911546A5}.Debug|Any CPU.ActiveCfg = Debug|Any CPU
		{87F14BD4-AD05-44B1-BD57-E907911546A5}.Debug|Any CPU.Build.0 = Debug|Any CPU
		{87F14BD4-AD05-44B1-BD57-E907911546A5}.Release|Any CPU.ActiveCfg = Release|Any CPU
		{87F14BD4-AD05-44B1-BD57-E907911546A5}.Release|Any CPU.Build.0 = Release|Any CPU
		{39B97FC7-3D72-4C35-A82F-AFB0F3CD80D0}.Debug|Any CPU.ActiveCfg = Debug|Any CPU
		{39B97FC7-3D72-4C35-A82F-AFB0F3CD80D0}.Debug|Any CPU.Build.0 = Debug|Any CPU
		{39B97FC7-3D72-4C35-A82F-AFB0F3CD80D0}.Release|Any CPU.ActiveCfg = Release|Any CPU
		{39B97FC7-3D72-4C35-A82F-AFB0F3CD80D0}.Release|Any CPU.Build.0 = Release|Any CPU
		{1F980CA9-ED4D-458A-9AC2-A76F97DA77D5}.Debug|Any CPU.ActiveCfg = Debug|Any CPU
		{1F980CA9-ED4D-458A-9AC2-A76F97DA77D5}.Debug|Any CPU.Build.0 = Debug|Any CPU
		{1F980CA9-ED4D-458A-9AC2-A76F97DA77D5}.Release|Any CPU.ActiveCfg = Release|Any CPU
		{1F980CA9-ED4D-458A-9AC2-A76F97DA77D5}.Release|Any CPU.Build.0 = Release|Any CPU
	EndGlobalSection
	GlobalSection(SolutionProperties) = preSolution
		HideSolutionNode = FALSE
	EndGlobalSection
	GlobalSection(NestedProjects) = preSolution
		{A8C0C875-BD71-446B-B455-76BD82F76C46} = {2F68E82F-9D6C-4783-B3B9-8E809BD7A093}
		{EECEAB05-D845-4756-9891-AABCA0F731E1} = {C576A72B-6C3E-45E7-B4E1-8A7C93CF829D}
		{43FE92A0-17FF-4E45-93AB-E7F56DA6B32E} = {B8CAF327-0A34-4D51-90A0-F5393BC03D6E}
		{ED212F36-4E25-411A-8368-7B7F66FDCC1E} = {C576A72B-6C3E-45E7-B4E1-8A7C93CF829D}
		{BB89372B-A91C-456A-ACBF-76ACDA757B60} = {C576A72B-6C3E-45E7-B4E1-8A7C93CF829D}
		{87F14BD4-AD05-44B1-BD57-E907911546A5} = {2F68E82F-9D6C-4783-B3B9-8E809BD7A093}
		{39B97FC7-3D72-4C35-A82F-AFB0F3CD80D0} = {C576A72B-6C3E-45E7-B4E1-8A7C93CF829D}
		{1F980CA9-ED4D-458A-9AC2-A76F97DA77D5} = {C576A72B-6C3E-45E7-B4E1-8A7C93CF829D}
	EndGlobalSection
	GlobalSection(ExtensibilityGlobals) = postSolution
		SolutionGuid = {7B42E7BF-2697-439A-AF8A-C915C84845F5}
	EndGlobalSection
EndGlobal
